<?xml version="1.0" encoding="utf-8"?>
<Project ToolsVersion="4.0" xmlns="http://schemas.microsoft.com/developer/msbuild/2003">
  <ItemGroup>
    <ClCompile Include="dllmain.cpp" />
  </ItemGroup>
  <ItemGroup>
    <ClInclude Include="Il2cpp\Il2cppInclude.h">
      <Filter>Il2cpp</Filter>
    </ClInclude>
    <ClInclude Include="Il2cpp\il2cpp.h">
      <Filter>Il2cpp</Filter>
    </ClInclude>
    <ClInclude Include="Il2cpp\Il2cppLib.h">
      <Filter>Il2cpp</Filter>
    </ClInclude>
  </ItemGroup>
  <ItemGroup>
    <Filter Include="Il2cpp">
      <UniqueIdentifier>{6c7875ae-68d6-4921-a937-bb39cc8b0777}</UniqueIdentifier>
    </Filter>
  </ItemGroup>
</Project>